
Microsoft Visual Studio Solution File, Format Version 12.00
# Visual Studio Version 17
VisualStudioVersion = 17.11.34909.67
MinimumVisualStudioVersion = 10.0.40219.1
Project("{FAE04EC0-301F-11D3-BF4B-00C04F79EFBC}") = "threads-teste", "threads-teste.csproj", "{C131B6B4-E7FC-4505-A56C-233986E3CD48}"
EndProject
Global
	GlobalSection(SolutionConfigurationPlatforms) = preSolution
		Debug|Any CPU = Debug|Any CPU
		Release|Any CPU = Release|Any CPU
	EndGlobalSection
	GlobalSection(ProjectConfigurationPlatforms) = postSolution
		{C131B6B4-E7FC-4505-A56C-233986E3CD48}.Debug|Any CPU.ActiveCfg = Debug|Any CPU
		{C131B6B4-E7FC-4505-A56C-233986E3CD48}.Debug|Any CPU.Build.0 = Debug|Any CPU
		{C131B6B4-E7FC-4505-A56C-233986E3CD48}.Release|Any CPU.ActiveCfg = Release|Any CPU
		{C131B6B4-E7FC-4505-A56C-233986E3CD48}.Release|Any CPU.Build.0 = Release|Any CPU
	EndGlobalSection
	GlobalSection(SolutionProperties) = preSolution
		HideSolutionNode = FALSE
	EndGlobalSection
	GlobalSection(ExtensibilityGlobals) = postSolution
		SolutionGuid = {3149DDBB-33BF-4DFC-B1B5-6783CD40C187}
	EndGlobalSection
EndGlobal
